
Microsoft Visual Studio Solution File, Format Version 12.00
# Visual Studio Version 17
VisualStudioVersion = 17.0.32112.339
MinimumVisualStudioVersion = 10.0.40219.1
Project("{9A19103F-16F7-4668-BE54-9A1E7A4F7556}") = "mitoSoft.Razor.WordClock", "mitoSoft.Razor.WordClock\mitoSoft.Razor.WordClock.csproj", "{55B5459E-4681-4765-B40F-FEB5F85EB665}"
EndProject
Project("{FAE04EC0-301F-11D3-BF4B-00C04F79EFBC}") = "mitoSoft.Razor.WordClock.ExampleDotNet6", "mitoSoft.Razor.WordClock.ExampleDotNet6\mitoSoft.Razor.WordClock.ExampleDotNet6.csproj", "{606D5BB5-4DB1-4AF8-B8F1-D087ED97305B}"
EndProject
Global
	GlobalSection(SolutionConfigurationPlatforms) = preSolution
		Debug|Any CPU = Debug|Any CPU
		Release|Any CPU = Release|Any CPU
	EndGlobalSection
	GlobalSection(ProjectConfigurationPlatforms) = postSolution
		{55B5459E-4681-4765-B40F-FEB5F85EB665}.Debug|Any CPU.ActiveCfg = Debug|Any CPU
		{55B5459E-4681-4765-B40F-FEB5F85EB665}.Debug|Any CPU.Build.0 = Debug|Any CPU
		{55B5459E-4681-4765-B40F-FEB5F85EB665}.Release|Any CPU.ActiveCfg = Release|Any CPU
		{55B5459E-4681-4765-B40F-FEB5F85EB665}.Release|Any CPU.Build.0 = Release|Any CPU
		{606D5BB5-4DB1-4AF8-B8F1-D087ED97305B}.Debug|Any CPU.ActiveCfg = Debug|Any CPU
		{606D5BB5-4DB1-4AF8-B8F1-D087ED97305B}.Debug|Any CPU.Build.0 = Debug|Any CPU
		{606D5BB5-4DB1-4AF8-B8F1-D087ED97305B}.Release|Any CPU.ActiveCfg = Release|Any CPU
		{606D5BB5-4DB1-4AF8-B8F1-D087ED97305B}.Release|Any CPU.Build.0 = Release|Any CPU
	EndGlobalSection
	GlobalSection(SolutionProperties) = preSolution
		HideSolutionNode = FALSE
	EndGlobalSection
	GlobalSection(ExtensibilityGlobals) = postSolution
		SolutionGuid = {5C456ABC-19B8-4598-8512-8BB0DC5A1586}
	EndGlobalSection
EndGlobal
